
Microsoft Visual Studio Solution File, Format Version 12.00
# Visual Studio 15
VisualStudioVersion = 15.0.28010.2048
MinimumVisualStudioVersion = 10.0.40219.1
Project("{9092AA53-FB77-4645-B42D-1CCCA6BD08BD}") = "001_test", "001_test\001_test.njsproj", "{F72FFD4B-8AE1-4197-9C7F-D4DBB90C15F8}"
EndProject
Global
	GlobalSection(SolutionConfigurationPlatforms) = preSolution
		Debug|Any CPU = Debug|Any CPU
		Release|Any CPU = Release|Any CPU
	EndGlobalSection
	GlobalSection(ProjectConfigurationPlatforms) = postSolution
		{F72FFD4B-8AE1-4197-9C7F-D4DBB90C15F8}.Debug|Any CPU.ActiveCfg = Debug|Any CPU
		{F72FFD4B-8AE1-4197-9C7F-D4DBB90C15F8}.Debug|Any CPU.Build.0 = Debug|Any CPU
		{F72FFD4B-8AE1-4197-9C7F-D4DBB90C15F8}.Release|Any CPU.ActiveCfg = Release|Any CPU
		{F72FFD4B-8AE1-4197-9C7F-D4DBB90C15F8}.Release|Any CPU.Build.0 = Release|Any CPU
	EndGlobalSection
	GlobalSection(SolutionProperties) = preSolution
		HideSolutionNode = FALSE
	EndGlobalSection
	GlobalSection(ExtensibilityGlobals) = postSolution
		SolutionGuid = {14BE4792-506E-45D3-B35F-F11FE235B30D}
	EndGlobalSection
EndGlobal
